Microsoft Visual Studio Solution File, Format Version 12.00
# Visual Studio 2012
VisualStudioVersion = 12.0.20827.3
MinimumVisualStudioVersion = 10.0.40219.1
Project("{FAE04EC0-301F-11D3-BF4B-00C04F79EFBC}") = "Estuary_FileCoin", "Estuary_FileCoin\Estuary_FileCoin.csproj", "{86C045AB-E3DF-458A-A2A3-96A16481AFFE}"
EndProject
Project("{FAE04EC0-301F-11D3-BF4B-00C04F79EFBC}") = "Estuary_FileCoin_Demo", "Estuary_FileCoin_Demo\Estuary_FileCoin_Demo.csproj", "{6CA8527A-7F4B-472E-9B4B-AB44D2C33418}"
EndProject
Global
	GlobalSection(SolutionConfigurationPlatforms) = preSolution
		Debug|Any CPU = Debug|Any CPU
		Release|Any CPU = Release|Any CPU
	EndGlobalSection
	GlobalSection(ProjectConfigurationPlatforms) = postSolution
		{86C045AB-E3DF-458A-A2A3-96A16481AFFE}.Debug|Any CPU.ActiveCfg = Debug|Any CPU
		{86C045AB-E3DF-458A-A2A3-96A16481AFFE}.Debug|Any CPU.Build.0 = Debug|Any CPU
		{86C045AB-E3DF-458A-A2A3-96A16481AFFE}.Release|Any CPU.ActiveCfg = Release|Any CPU
		{86C045AB-E3DF-458A-A2A3-96A16481AFFE}.Release|Any CPU.Build.0 = Release|Any CPU
		{6CA8527A-7F4B-472E-9B4B-AB44D2C33418}.Debug|Any CPU.ActiveCfg = Debug|Any CPU
		{6CA8527A-7F4B-472E-9B4B-AB44D2C33418}.Debug|Any CPU.Build.0 = Debug|Any CPU
		{6CA8527A-7F4B-472E-9B4B-AB44D2C33418}.Release|Any CPU.ActiveCfg = Release|Any CPU
		{6CA8527A-7F4B-472E-9B4B-AB44D2C33418}.Release|Any CPU.Build.0 = Release|Any CPU
	EndGlobalSection
EndGlobal
